
Microsoft Visual Studio Solution File, Format Version 12.00
# Visual Studio Version 17
VisualStudioVersion = 17.12.35527.113
MinimumVisualStudioVersion = 10.0.40219.1
Project("{FAE04EC0-301F-11D3-BF4B-00C04F79EFBC}") = "Movements", "Movements\Movements.csproj", "{137E238C-45A1-43D1-804E-A878BB70D4DD}"
EndProject
Project("{FAE04EC0-301F-11D3-BF4B-00C04F79EFBC}") = "Infrastructure", "Infrastructure\Infrastructure.csproj", "{FEAF6261-EB39-4994-BACF-D12068BFCD9C}"
EndProject
Project("{FAE04EC0-301F-11D3-BF4B-00C04F79EFBC}") = "Core", "Core\Core.csproj", "{17F85DF5-7AE6-4666-9D4D-7543B93C6440}"
EndProject
Global
	GlobalSection(SolutionConfigurationPlatforms) = preSolution
		Debug|Any CPU = Debug|Any CPU
		Release|Any CPU = Release|Any CPU
	EndGlobalSection
	GlobalSection(ProjectConfigurationPlatforms) = postSolution
		{137E238C-45A1-43D1-804E-A878BB70D4DD}.Debug|Any CPU.ActiveCfg = Debug|Any CPU
		{137E238C-45A1-43D1-804E-A878BB70D4DD}.Debug|Any CPU.Build.0 = Debug|Any CPU
		{137E238C-45A1-43D1-804E-A878BB70D4DD}.Release|Any CPU.ActiveCfg = Release|Any CPU
		{137E238C-45A1-43D1-804E-A878BB70D4DD}.Release|Any CPU.Build.0 = Release|Any CPU
		{FEAF6261-EB39-4994-BACF-D12068BFCD9C}.Debug|Any CPU.ActiveCfg = Debug|Any CPU
		{FEAF6261-EB39-4994-BACF-D12068BFCD9C}.Debug|Any CPU.Build.0 = Debug|Any CPU
		{FEAF6261-EB39-4994-BACF-D12068BFCD9C}.Release|Any CPU.ActiveCfg = Release|Any CPU
		{FEAF6261-EB39-4994-BACF-D12068BFCD9C}.Release|Any CPU.Build.0 = Release|Any CPU
		{17F85DF5-7AE6-4666-9D4D-7543B93C6440}.Debug|Any CPU.ActiveCfg = Debug|Any CPU
		{17F85DF5-7AE6-4666-9D4D-7543B93C6440}.Debug|Any CPU.Build.0 = Debug|Any CPU
		{17F85DF5-7AE6-4666-9D4D-7543B93C6440}.Release|Any CPU.ActiveCfg = Release|Any CPU
		{17F85DF5-7AE6-4666-9D4D-7543B93C6440}.Release|Any CPU.Build.0 = Release|Any CPU
	EndGlobalSection
	GlobalSection(SolutionProperties) = preSolution
		HideSolutionNode = FALSE
	EndGlobalSection
EndGlobal
